
Microsoft Visual Studio Solution File, Format Version 12.00
# Visual Studio Version 16
VisualStudioVersion = 16.0.30611.23
MinimumVisualStudioVersion = 10.0.40219.1
Project("{FAE04EC0-301F-11D3-BF4B-00C04F79EFBC}") = "5 by 5 any", "5 by 5 any.csproj", "{35F1B240-D381-40EA-B117-81B17A73B049}"
EndProject
Global
	GlobalSection(SolutionConfigurationPlatforms) = preSolution
		Debug|Any CPU = Debug|Any CPU
		Release|Any CPU = Release|Any CPU
	EndGlobalSection
	GlobalSection(ProjectConfigurationPlatforms) = postSolution
		{35F1B240-D381-40EA-B117-81B17A73B049}.Debug|Any CPU.ActiveCfg = Debug|Any CPU
		{35F1B240-D381-40EA-B117-81B17A73B049}.Debug|Any CPU.Build.0 = Debug|Any CPU
		{35F1B240-D381-40EA-B117-81B17A73B049}.Release|Any CPU.ActiveCfg = Release|Any CPU
		{35F1B240-D381-40EA-B117-81B17A73B049}.Release|Any CPU.Build.0 = Release|Any CPU
	EndGlobalSection
	GlobalSection(SolutionProperties) = preSolution
		HideSolutionNode = FALSE
	EndGlobalSection
	GlobalSection(ExtensibilityGlobals) = postSolution
		SolutionGuid = {6A6008E5-4BAE-4130-8809-AA23736D7241}
	EndGlobalSection
EndGlobal
